
Microsoft Visual Studio Solution File, Format Version 12.00
# Visual Studio 2012
Project("{FAE04EC0-301F-11D3-BF4B-00C04F79EFBC}") = "ToggleSL", "ToggleSL\ToggleSL.csproj", "{AF4C94A7-A57F-4D26-ABE2-F6C3E3B889A0}"
EndProject
Project("{2150E333-8FDC-42A3-9474-1A3956D46DE8}") = ".nuget", ".nuget", "{118EC555-087C-42D6-9E58-9EEB18C19548}"
	ProjectSection(SolutionItems) = preProject
		.nuget\NuGet.Config = .nuget\NuGet.Config
		.nuget\NuGet.exe = .nuget\NuGet.exe
		.nuget\NuGet.targets = .nuget\NuGet.targets
	EndProjectSection
EndProject
Global
	GlobalSection(SolutionConfigurationPlatforms) = preSolution
		Debug|Any CPU = Debug|Any CPU
		Release|Any CPU = Release|Any CPU
	EndGlobalSection
	GlobalSection(ProjectConfigurationPlatforms) = postSolution
		{AF4C94A7-A57F-4D26-ABE2-F6C3E3B889A0}.Debug|Any CPU.ActiveCfg = Debug|Any CPU
		{AF4C94A7-A57F-4D26-ABE2-F6C3E3B889A0}.Debug|Any CPU.Build.0 = Debug|Any CPU
		{AF4C94A7-A57F-4D26-ABE2-F6C3E3B889A0}.Release|Any CPU.ActiveCfg = Release|Any CPU
		{AF4C94A7-A57F-4D26-ABE2-F6C3E3B889A0}.Release|Any CPU.Build.0 = Release|Any CPU
	EndGlobalSection
	GlobalSection(SolutionProperties) = preSolution
		HideSolutionNode = FALSE
	EndGlobalSection
EndGlobal
